schema: '2.0'
stages:
  data_ingestion:
    cmd: python src/cnnClassification/pipeline/stage_01_data_ingestion.py
    deps:
    - path: config/config.yaml
      hash: md5
      md5: 09dcbd8da90c0f74f75b6bbd09563e46
      size: 823
    - path: src/cnnClassification/pipeline/stage_01_data_ingestion.py
      hash: md5
      md5: 428c6f220ac9c29b94045076034cbcf9
      size: 920
    outs:
    - path: artifacts/data_ingestion/Chicken-fecal-images
      hash: md5
      md5: 9e1f8dd2eae3c29e9d635df89d438ae4.dir
      size: 12207807
      nfiles: 390
  prepare_base_model:
    cmd: python src/cnnClassification/pipeline/stage_02_prepare_base_model.py
    deps:
    - path: config/config.yaml
      hash: md5
      md5: 09dcbd8da90c0f74f75b6bbd09563e46
      size: 823
    - path: src/cnnClassification/pipeline/stage_02_prepare_base_model.py
      hash: md5
      md5: faf419b8a83e8f12c0479110f2491551
      size: 1009
    params:
      params.yaml:
        CLASSES: 2
        IMAGE_SIZE:
        - 224
        - 224
        - 3
        INCLUDE_TOP: false
        LEARNING_RATE: 0.01
        WEIGHTS: imagenet
    outs:
    - path: artifacts/prepare_base_model
      hash: md5
      md5: ff6159473d6bd8bfb5635699f893b6e9.dir
      size: 118075312
      nfiles: 2
  training:
    cmd: python src/cnnClassification/pipeline/stage_03_training.py
    deps:
    - path: artifacts/data_ingestion/Chicken-fecal-images
      hash: md5
      md5: 9e1f8dd2eae3c29e9d635df89d438ae4.dir
      size: 12207807
      nfiles: 390
    - path: artifacts/prepare_base_model
      hash: md5
      md5: ff6159473d6bd8bfb5635699f893b6e9.dir
      size: 118075312
      nfiles: 2
    - path: config/config.yaml
      hash: md5
      md5: 09dcbd8da90c0f74f75b6bbd09563e46
      size: 823
    - path: src/cnnClassification/components/prepare_callbacks.py
      hash: md5
      md5: ba7f3f238bf5d6dae5b8ec9109cf9561
      size: 1060
    - path: src/cnnClassification/pipeline/stage_03_training.py
      hash: md5
      md5: 0c4695dfabffe9f22520d1e6b01f89f6
      size: 1282
    params:
      params.yaml:
        AUGMENTATION: true
        BATCH_SIZE: 16
        EPOCHS: 1
        IMAGE_SIZE:
        - 224
        - 224
        - 3
    outs:
    - path: artifacts/training/model.h5
      hash: md5
      md5: 77d6175d076c2ed7087fe17049ec31ef
      size: 59148696
  evaluation:
    cmd: python src/cnnClassification/pipeline/stage_04_evaluation.py
    deps:
    - path: artifacts/data_ingestion/Chicken-fecal-images
      hash: md5
      md5: 9e1f8dd2eae3c29e9d635df89d438ae4.dir
      size: 12207807
      nfiles: 390
    - path: artifacts/training/model.h5
      hash: md5
      md5: 77d6175d076c2ed7087fe17049ec31ef
      size: 59148696
    - path: config/config.yaml
      hash: md5
      md5: 09dcbd8da90c0f74f75b6bbd09563e46
      size: 823
    - path: src/cnnClassification/pipeline/stage_04_evaluation.py
      hash: md5
      md5: 83af1449009f3e879f475dfa91787175
      size: 895
    params:
      params.yaml:
        BATCH_SIZE: 16
        IMAGE_SIZE:
        - 224
        - 224
        - 3
    outs:
    - path: scores.json
      hash: md5
      md5: d6a89fcce7d14e3ddd9b0cfbb2dbdc8e
      size: 58
